// !$*UTF8*$!
{
	archiveVersion = 1;
	classes = {
	};
	objectVersion = 50;
	objects = {

/* Begin PBXBuildFile section */
		7B6BE7D121E5733D0099E42C /* AppDelegate.swift in Sources */ = {isa = PBXBuildFile; fileRef = 7B6BE7D021E5733D0099E42C /* AppDelegate.swift */; };
		7B6BE7D621E5733D0099E42C /* Main.storyboard in Resources */ = {isa = PBXBuildFile; fileRef = 7B6BE7D421E5733D0099E42C /* Main.storyboard */; };
		7B6BE7D821E5733E0099E42C /* Assets.xcassets in Resources */ = {isa = PBXBuildFile; fileRef = 7B6BE7D721E5733E0099E42C /* Assets.xcassets */; };
		7B6BE7DB21E5733E0099E42C /* LaunchScreen.storyboard in Resources */ = {isa = PBXBuildFile; fileRef = 7B6BE7D921E5733E0099E42C /* LaunchScreen.storyboard */; };
		7BA77E8121E797C200C862C1 /* LandingPageViewController.swift in Sources */ = {isa = PBXBuildFile; fileRef = 7BA77E8021E797C200C862C1 /* LandingPageViewController.swift */; };
		7BA77E8321E798A800C862C1 /* MainTabBarController.swift in Sources */ = {isa = PBXBuildFile; fileRef = 7BA77E8221E798A800C862C1 /* MainTabBarController.swift */; };
		7BA77E8521E7B2B500C862C1 /* User.swift in Sources */ = {isa = PBXBuildFile; fileRef = 7BA77E8421E7B2B500C862C1 /* User.swift */; };
		7BA77E8A21E7F3E200C862C1 /* Message.swift in Sources */ = {isa = PBXBuildFile; fileRef = 7BA77E8921E7F3E200C862C1 /* Message.swift */; };
		7BA77E8C21E7F5BE00C862C1 /* Team.swift in Sources */ = {isa = PBXBuildFile; fileRef = 7BA77E8B21E7F5BE00C862C1 /* Team.swift */; };
		7BA77E9021E7F68300C862C1 /* Tag.swift in Sources */ = {isa = PBXBuildFile; fileRef = 7BA77E8F21E7F68300C862C1 /* Tag.swift */; };
		7BA77E9221E7FCD100C862C1 /* Comment.swift in Sources */ = {isa = PBXBuildFile; fileRef = 7BA77E9121E7FCD000C862C1 /* Comment.swift */; };
/* End PBXBuildFile section */

/* Begin PBXFileReference section */
		7B6BE7CD21E5733D0099E42C /* TeamHome.app */ = {isa = PBXFileReference; explicitFileType = wrapper.application; includeInIndex = 0; path = TeamHome.app; sourceTree = BUILT_PRODUCTS_DIR; };
		7B6BE7D021E5733D0099E42C /* AppDelegate.swift */ = {isa = PBXFileReference; lastKnownFileType = sourcecode.swift; path = AppDelegate.swift; sourceTree = "<group>"; };
		7B6BE7D521E5733D0099E42C /* Base */ = {isa = PBXFileReference; lastKnownFileType = file.storyboard; name = Base; path = Base.lproj/Main.storyboard; sourceTree = "<group>"; };
		7B6BE7D721E5733E0099E42C /* Assets.xcassets */ = {isa = PBXFileReference; lastKnownFileType = folder.assetcatalog; path = Assets.xcassets; sourceTree = "<group>"; };
		7B6BE7DA21E5733E0099E42C /* Base */ = {isa = PBXFileReference; lastKnownFileType = file.storyboard; name = Base; path = Base.lproj/LaunchScreen.storyboard; sourceTree = "<group>"; };
		7B6BE7DC21E5733E0099E42C /* Info.plist */ = {isa = PBXFileReference; lastKnownFileType = text.plist.xml; path = Info.plist; sourceTree = "<group>"; };
		7BA77E8021E797C200C862C1 /* LandingPageViewController.swift */ = {isa = PBXFileReference; lastKnownFileType = sourcecode.swift; path = LandingPageViewController.swift; sourceTree = "<group>"; };
		7BA77E8221E798A800C862C1 /* MainTabBarController.swift */ = {isa = PBXFileReference; lastKnownFileType = sourcecode.swift; path = MainTabBarController.swift; sourceTree = "<group>"; };
		7BA77E8421E7B2B500C862C1 /* User.swift */ = {isa = PBXFileReference; lastKnownFileType = sourcecode.swift; path = User.swift; sourceTree = "<group>"; };
		7BA77E8921E7F3E200C862C1 /* Message.swift */ = {isa = PBXFileReference; lastKnownFileType = sourcecode.swift; path = Message.swift; sourceTree = "<group>"; };
		7BA77E8B21E7F5BE00C862C1 /* Team.swift */ = {isa = PBXFileReference; lastKnownFileType = sourcecode.swift; path = Team.swift; sourceTree = "<group>"; };
		7BA77E8F21E7F68300C862C1 /* Tag.swift */ = {isa = PBXFileReference; lastKnownFileType = sourcecode.swift; path = Tag.swift; sourceTree = "<group>"; };
		7BA77E9121E7FCD000C862C1 /* Comment.swift */ = {isa = PBXFileReference; lastKnownFileType = sourcecode.swift; path = Comment.swift; sourceTree = "<group>"; };
/* End PBXFileReference section */

/* Begin PBXFrameworksBuildPhase section */
		7B6BE7CA21E5733D0099E42C /* Frameworks */ = {
			isa = PBXFrameworksBuildPhase;
			buildActionMask = 2147483647;
			files = (
			);
			runOnlyForDeploymentPostprocessing = 0;
		};
/* End PBXFrameworksBuildPhase section */

/* Begin PBXGroup section */
		7B6BE7C421E5733D0099E42C = {
			isa = PBXGroup;
			children = (
				7B6BE7CF21E5733D0099E42C /* TeamHome */,
				7B6BE7CE21E5733D0099E42C /* Products */,
			);
			sourceTree = "<group>";
		};
		7B6BE7CE21E5733D0099E42C /* Products */ = {
			isa = PBXGroup;
			children = (
				7B6BE7CD21E5733D0099E42C /* TeamHome.app */,
			);
			name = Products;
			sourceTree = "<group>";
		};
		7B6BE7CF21E5733D0099E42C /* TeamHome */ = {
			isa = PBXGroup;
			children = (
				7BA77E6F21E6BAC400C862C1 /* Resources */,
				7BA77E6E21E6BAB400C862C1 /* Model Controller */,
				7BA77E6D21E6BAAF00C862C1 /* Models */,
				7BA77E6C21E6BAA600C862C1 /* View Controllers */,
				7BA77E6B21E6BA9600C862C1 /* Storyboards */,
			);
			path = TeamHome;
			sourceTree = "<group>";
		};
		7BA77E6B21E6BA9600C862C1 /* Storyboards */ = {
			isa = PBXGroup;
			children = (
				7B6BE7D421E5733D0099E42C /* Main.storyboard */,
				7B6BE7D921E5733E0099E42C /* LaunchScreen.storyboard */,
			);
			path = Storyboards;
			sourceTree = "<group>";
		};
		7BA77E6C21E6BAA600C862C1 /* View Controllers */ = {
			isa = PBXGroup;
			children = (
				7BA77E8021E797C200C862C1 /* LandingPageViewController.swift */,
				7BA77E8221E798A800C862C1 /* MainTabBarController.swift */,
			);
			path = "View Controllers";
			sourceTree = "<group>";
		};
		7BA77E6D21E6BAAF00C862C1 /* Models */ = {
			isa = PBXGroup;
			children = (
				7BA77E8621E7BDD400C862C1 /* Mock json */,
				7BA77E8421E7B2B500C862C1 /* User.swift */,
				7BA77E8921E7F3E200C862C1 /* Message.swift */,
				7BA77E9121E7FCD000C862C1 /* Comment.swift */,
				7BA77E8B21E7F5BE00C862C1 /* Team.swift */,
				7BA77E8F21E7F68300C862C1 /* Tag.swift */,
			);
			path = Models;
			sourceTree = "<group>";
		};
		7BA77E6E21E6BAB400C862C1 /* Model Controller */ = {
			isa = PBXGroup;
			children = (
			);
			path = "Model Controller";
			sourceTree = "<group>";
		};
		7BA77E6F21E6BAC400C862C1 /* Resources */ = {
			isa = PBXGroup;
			children = (
				7B6BE7D021E5733D0099E42C /* AppDelegate.swift */,
				7B6BE7D721E5733E0099E42C /* Assets.xcassets */,
				7B6BE7DC21E5733E0099E42C /* Info.plist */,
			);
			path = Resources;
			sourceTree = "<group>";
		};
		7BA77E8621E7BDD400C862C1 /* Mock json */ = {
			isa = PBXGroup;
			children = (
			);
			path = "Mock json";
			sourceTree = "<group>";
		};
/* End PBXGroup section */

/* Begin PBXNativeTarget section */
		7B6BE7CC21E5733D0099E42C /* TeamHome */ = {
			isa = PBXNativeTarget;
			buildConfigurationList = 7B6BE7DF21E5733E0099E42C /* Build configuration list for PBXNativeTarget "TeamHome" */;
			buildPhases = (
				7B6BE7C921E5733D0099E42C /* Sources */,
				7B6BE7CA21E5733D0099E42C /* Frameworks */,
				7B6BE7CB21E5733D0099E42C /* Resources */,
			);
			buildRules = (
			);
			dependencies = (
			);
			name = TeamHome;
			productName = TeamHome;
			productReference = 7B6BE7CD21E5733D0099E42C /* TeamHome.app */;
			productType = "com.apple.product-type.application";
		};
/* End PBXNativeTarget section */

/* Begin PBXProject section */
		7B6BE7C521E5733D0099E42C /* Project object */ = {
			isa = PBXProject;
			attributes = {
				LastSwiftUpdateCheck = 1010;
				LastUpgradeCheck = 1010;
				ORGANIZATIONNAME = "Daniela Parra";
				TargetAttributes = {
					7B6BE7CC21E5733D0099E42C = {
						CreatedOnToolsVersion = 10.1;
					};
				};
			};
			buildConfigurationList = 7B6BE7C821E5733D0099E42C /* Build configuration list for PBXProject "TeamHome" */;
			compatibilityVersion = "Xcode 9.3";
			developmentRegion = en;
			hasScannedForEncodings = 0;
			knownRegions = (
				en,
				Base,
			);
			mainGroup = 7B6BE7C421E5733D0099E42C;
			productRefGroup = 7B6BE7CE21E5733D0099E42C /* Products */;
			projectDirPath = "";
			projectRoot = "";
			targets = (
				7B6BE7CC21E5733D0099E42C /* TeamHome */,
			);
		};
/* End PBXProject section */

/* Begin PBXResourcesBuildPhase section */
		7B6BE7CB21E5733D0099E42C /* Resources */ = {
			isa = PBXResourcesBuildPhase;
			buildActionMask = 2147483647;
			files = (
				7B6BE7DB21E5733E0099E42C /* LaunchScreen.storyboard in Resources */,
				7B6BE7D821E5733E0099E42C /* Assets.xcassets in Resources */,
				7B6BE7D621E5733D0099E42C /* Main.storyboard in Resources */,
			);
			runOnlyForDeploymentPostprocessing = 0;
		};
/* End PBXResourcesBuildPhase section */

/* Begin PBXSourcesBuildPhase section */
		7B6BE7C921E5733D0099E42C /* Sources */ = {
			isa = PBXSourcesBuildPhase;
			buildActionMask = 2147483647;
			files = (
				7BA77E8C21E7F5BE00C862C1 /* Team.swift in Sources */,
				7BA77E8521E7B2B500C862C1 /* User.swift in Sources */,
				7B6BE7D121E5733D0099E42C /* AppDelegate.swift in Sources */,
				7BA77E9221E7FCD100C862C1 /* Comment.swift in Sources */,
				7BA77E9021E7F68300C862C1 /* Tag.swift in Sources */,
				7BA77E8A21E7F3E200C862C1 /* Message.swift in Sources */,
				7BA77E8121E797C200C862C1 /* LandingPageViewController.swift in Sources */,
				7BA77E8321E798A800C862C1 /* MainTabBarController.swift in Sources */,
			);
			runOnlyForDeploymentPostprocessing = 0;
		};
/* End PBXSourcesBuildPhase section */

/* Begin PBXVariantGroup section */
		7B6BE7D421E5733D0099E42C /* Main.storyboard */ = {
			isa = PBXVariantGroup;
			children = (
				7B6BE7D521E5733D0099E42C /* Base */,
			);
			name = Main.storyboard;
			sourceTree = "<group>";
		};
		7B6BE7D921E5733E0099E42C /* LaunchScreen.storyboard */ = {
			isa = PBXVariantGroup;
			children = (
				7B6BE7DA21E5733E0099E42C /* Base */,
			);
			name = LaunchScreen.storyboard;
			sourceTree = "<group>";
		};
/* End PBXVariantGroup section */

/* Begin XCBuildConfiguration section */
		7B6BE7DD21E5733E0099E42C /* Debug */ = {
			isa = XCBuildConfiguration;
			buildSettings = {
				ALWAYS_SEARCH_USER_PATHS = NO;
				CLANG_ANALYZER_NONNULL = YES;
				CLANG_ANALYZER_NUMBER_OBJECT_CONVERSION = YES_AGGRESSIVE;
				CLANG_CXX_LANGUAGE_STANDARD = "gnu++14";
				CLANG_CXX_LIBRARY = "libc++";
				CLANG_ENABLE_MODULES = YES;
				CLANG_ENABLE_OBJC_ARC = YES;
				CLANG_ENABLE_OBJC_WEAK = YES;
				CLANG_WARN_BLOCK_CAPTURE_AUTORELEASING = YES;
				CLANG_WARN_BOOL_CONVERSION = YES;
				CLANG_WARN_COMMA = YES;
				CLANG_WARN_CONSTANT_CONVERSION = YES;
				CLANG_WARN_DEPRECATED_OBJC_IMPLEMENTATIONS = YES;
				CLANG_WARN_DIRECT_OBJC_ISA_USAGE = YES_ERROR;
				CLANG_WARN_DOCUMENTATION_COMMENTS = YES;
				CLANG_WARN_EMPTY_BODY = YES;
				CLANG_WARN_ENUM_CONVERSION = YES;
				CLANG_WARN_INFINITE_RECURSION = YES;
				CLANG_WARN_INT_CONVERSION = YES;
				CLANG_WARN_NON_LITERAL_NULL_CONVERSION = YES;
				CLANG_WARN_OBJC_IMPLICIT_RETAIN_SELF = YES;
				CLANG_WARN_OBJC_LITERAL_CONVERSION = YES;
				CLANG_WARN_OBJC_ROOT_CLASS = YES_ERROR;
				CLANG_WARN_RANGE_LOOP_ANALYSIS = YES;
				CLANG_WARN_STRICT_PROTOTYPES = YES;
				CLANG_WARN_SUSPICIOUS_MOVE = YES;
				CLANG_WARN_UNGUARDED_AVAILABILITY = YES_AGGRESSIVE;
				CLANG_WARN_UNREACHABLE_CODE = YES;
				CLANG_WARN__DUPLICATE_METHOD_MATCH = YES;
				CODE_SIGN_IDENTITY = "iPhone Developer";
				COPY_PHASE_STRIP = NO;
				DEBUG_INFORMATION_FORMAT = dwarf;
				ENABLE_STRICT_OBJC_MSGSEND = YES;
				ENABLE_TESTABILITY = YES;
				GCC_C_LANGUAGE_STANDARD = gnu11;
				GCC_DYNAMIC_NO_PIC = NO;
				GCC_NO_COMMON_BLOCKS = YES;
				GCC_OPTIMIZATION_LEVEL = 0;
				GCC_PREPROCESSOR_DEFINITIONS = (
					"DEBUG=1",
					"$(inherited)",
				);
				GCC_WARN_64_TO_32_BIT_CONVERSION = YES;
				GCC_WARN_ABOUT_RETURN_TYPE = YES_ERROR;
				GCC_WARN_UNDECLARED_SELECTOR = YES;
				GCC_WARN_UNINITIALIZED_AUTOS = YES_AGGRESSIVE;
				GCC_WARN_UNUSED_FUNCTION = YES;
				GCC_WARN_UNUSED_VARIABLE = YES;
				IPHONEOS_DEPLOYMENT_TARGET = 12.1;
				MTL_ENABLE_DEBUG_INFO = INCLUDE_SOURCE;
				MTL_FAST_MATH = YES;
				ONLY_ACTIVE_ARCH = YES;
				SDKROOT = iphoneos;
				SWIFT_ACTIVE_COMPILATION_CONDITIONS = DEBUG;
				SWIFT_OPTIMIZATION_LEVEL = "-Onone";
			};
			name = Debug;
		};
		7B6BE7DE21E5733E0099E42C /* Release */ = {
			isa = XCBuildConfiguration;
			buildSettings = {
				ALWAYS_SEARCH_USER_PATHS = NO;
				CLANG_ANALYZER_NONNULL = YES;
				CLANG_ANALYZER_NUMBER_OBJECT_CONVERSION = YES_AGGRESSIVE;
				CLANG_CXX_LANGUAGE_STANDARD = "gnu++14";
				CLANG_CXX_LIBRARY = "libc++";
				CLANG_ENABLE_MODULES = YES;
				CLANG_ENABLE_OBJC_ARC = YES;
				CLANG_ENABLE_OBJC_WEAK = YES;
				CLANG_WARN_BLOCK_CAPTURE_AUTORELEASING = YES;
				CLANG_WARN_BOOL_CONVERSION = YES;
				CLANG_WARN_COMMA = YES;
				CLANG_WARN_CONSTANT_CONVERSION = YES;
				CLANG_WARN_DEPRECATED_OBJC_IMPLEMENTATIONS = YES;
				CLANG_WARN_DIRECT_OBJC_ISA_USAGE = YES_ERROR;
				CLANG_WARN_DOCUMENTATION_COMMENTS = YES;
				CLANG_WARN_EMPTY_BODY = YES;
				CLANG_WARN_ENUM_CONVERSION = YES;
				CLANG_WARN_INFINITE_RECURSION = YES;
				CLANG_WARN_INT_CONVERSION = YES;
				CLANG_WARN_NON_LITERAL_NULL_CONVERSION = YES;
				CLANG_WARN_OBJC_IMPLICIT_RETAIN_SELF = YES;
				CLANG_WARN_OBJC_LITERAL_CONVERSION = YES;
				CLANG_WARN_OBJC_ROOT_CLASS = YES_ERROR;
				CLANG_WARN_RANGE_LOOP_ANALYSIS = YES;
				CLANG_WARN_STRICT_PROTOTYPES = YES;
				CLANG_WARN_SUSPICIOUS_MOVE = YES;
				CLANG_WARN_UNGUARDED_AVAILABILITY = YES_AGGRESSIVE;
				CLANG_WARN_UNREACHABLE_CODE = YES;
				CLANG_WARN__DUPLICATE_METHOD_MATCH = YES;
				CODE_SIGN_IDENTITY = "iPhone Developer";
				COPY_PHASE_STRIP = NO;
				DEBUG_INFORMATION_FORMAT = "dwarf-with-dsym";
				ENABLE_NS_ASSERTIONS = NO;
				ENABLE_STRICT_OBJC_MSGSEND = YES;
				GCC_C_LANGUAGE_STANDARD = gnu11;
				GCC_NO_COMMON_BLOCKS = YES;
				GCC_WARN_64_TO_32_BIT_CONVERSION = YES;
				GCC_WARN_ABOUT_RETURN_TYPE = YES_ERROR;
				GCC_WARN_UNDECLARED_SELECTOR = YES;
				GCC_WARN_UNINITIALIZED_AUTOS = YES_AGGRESSIVE;
				GCC_WARN_UNUSED_FUNCTION = YES;
				GCC_WARN_UNUSED_VARIABLE = YES;
				IPHONEOS_DEPLOYMENT_TARGET = 12.1;
				MTL_ENABLE_DEBUG_INFO = NO;
				MTL_FAST_MATH = YES;
				SDKROOT = iphoneos;
				SWIFT_COMPILATION_MODE = wholemodule;
				SWIFT_OPTIMIZATION_LEVEL = "-O";
				VALIDATE_PRODUCT = YES;
			};
			name = Release;
		};
		7B6BE7E021E5733E0099E42C /* Debug */ = {
			isa = XCBuildConfiguration;
			buildSettings = {
				ASSETCATALOG_COMPILER_APPICON_NAME = AppIcon;
				CODE_SIGN_STYLE = Automatic;
				INFOPLIST_FILE = "$(SRCROOT)/TeamHome/Resources/Info.plist";
				LD_RUNPATH_SEARCH_PATHS = (
					"$(inherited)",
					"@executable_path/Frameworks",
				);
				PRODUCT_BUNDLE_IDENTIFIER = com.DanielaParra.TeamHome;
				PRODUCT_NAME = "$(TARGET_NAME)";
				SWIFT_VERSION = 4.2;
				TARGETED_DEVICE_FAMILY = "1,2";
			};
			name = Debug;
		};
		7B6BE7E121E5733E0099E42C /* Release */ = {
			isa = XCBuildConfiguration;
			buildSettings = {
				ASSETCATALOG_COMPILER_APPICON_NAME = AppIcon;
				CODE_SIGN_STYLE = Automatic;
				INFOPLIST_FILE = "$(SRCROOT)/TeamHome/Resources/Info.plist";
				LD_RUNPATH_SEARCH_PATHS = (
					"$(inherited)",
					"@executable_path/Frameworks",
				);
				PRODUCT_BUNDLE_IDENTIFIER = com.DanielaParra.TeamHome;
				PRODUCT_NAME = "$(TARGET_NAME)";
				SWIFT_VERSION = 4.2;
				TARGETED_DEVICE_FAMILY = "1,2";
			};
			name = Release;
		};
/* End XCBuildConfiguration section */

/* Begin XCConfigurationList section */
		7B6BE7C821E5733D0099E42C /* Build configuration list for PBXProject "TeamHome" */ = {
			isa = XCConfigurationList;
			buildConfigurations = (
				7B6BE7DD21E5733E0099E42C /* Debug */,
				7B6BE7DE21E5733E0099E42C /* Release */,
			);
			defaultConfigurationIsVisible = 0;
			defaultConfigurationName = Release;
		};
		7B6BE7DF21E5733E0099E42C /* Build configuration list for PBXNativeTarget "TeamHome" */ = {
			isa = XCConfigurationList;
			buildConfigurations = (
				7B6BE7E021E5733E0099E42C /* Debug */,
				7B6BE7E121E5733E0099E42C /* Release */,
			);
			defaultConfigurationIsVisible = 0;
			defaultConfigurationName = Release;
		};
/* End XCConfigurationList section */
	};
	rootObject = 7B6BE7C521E5733D0099E42C /* Project object */;
}
