// !$*UTF8*$!
{
	archiveVersion = 1;
	classes = {
	};
	objectVersion = 50;
	objects = {

/* Begin PBXBuildFile section */
		10295B6922274F92002C8940 /* DocumentDetailViewController.swift in Sources */ = {isa = PBXBuildFile; fileRef = 10295B6822274F92002C8940 /* DocumentDetailViewController.swift */; };
		103E72F72227A81000F54B0F /* DocumentDetailViewController.graphql in Sources */ = {isa = PBXBuildFile; fileRef = 103E72F62227A81000F54B0F /* DocumentDetailViewController.graphql */; };
		103E72FD222DEE4100F54B0F /* DocumentsDetailCollectionViewController.swift in Sources */ = {isa = PBXBuildFile; fileRef = 103E72FC222DEE4000F54B0F /* DocumentsDetailCollectionViewController.swift */; };
		103E72FF222DEE5F00F54B0F /* DocumentCommentCollectionViewCell.swift in Sources */ = {isa = PBXBuildFile; fileRef = 103E72FE222DEE5E00F54B0F /* DocumentCommentCollectionViewCell.swift */; };
		103E7301222DEEA200F54B0F /* DocumentsDetailCollectionViewController.graphql in Resources */ = {isa = PBXBuildFile; fileRef = 103E7300222DEEA100F54B0F /* DocumentsDetailCollectionViewController.graphql */; };
		10409404221E265F00EC4389 /* AddEditDocumentViewController.graphql in Sources */ = {isa = PBXBuildFile; fileRef = 10409403221E265F00EC4389 /* AddEditDocumentViewController.graphql */; };
		1060AA0C221E6416008A72A2 /* DocumentsViewController.swift in Sources */ = {isa = PBXBuildFile; fileRef = 1060AA0B221E6416008A72A2 /* DocumentsViewController.swift */; };
		1092D5B1221E8A5300579B34 /* DocumentsTableViewController.swift in Sources */ = {isa = PBXBuildFile; fileRef = 1092D5B0221E8A5300579B34 /* DocumentsTableViewController.swift */; };
		1092D5B3221E8B7D00579B34 /* DocumentsTableViewController.graphql in Sources */ = {isa = PBXBuildFile; fileRef = 1092D5B2221E8B7D00579B34 /* DocumentsTableViewController.graphql */; };
		10E2A19C2216153F007EC662 /* AddEditDocumentViewController.swift in Sources */ = {isa = PBXBuildFile; fileRef = 10E2A19B2216153F007EC662 /* AddEditDocumentViewController.swift */; };
		7B2C51EC220B2CF7004990BB /* TagCollectionViewCell.swift in Sources */ = {isa = PBXBuildFile; fileRef = 7B2C51EB220B2CF7004990BB /* TagCollectionViewCell.swift */; };
		7B2C51F2220CB563004990BB /* CommentsCollectionReusableView.swift in Sources */ = {isa = PBXBuildFile; fileRef = 7B2C51F1220CB563004990BB /* CommentsCollectionReusableView.swift */; };
		7B6BE7D121E5733D0099E42C /* AppDelegate.swift in Sources */ = {isa = PBXBuildFile; fileRef = 7B6BE7D021E5733D0099E42C /* AppDelegate.swift */; };
		7B6BE7D621E5733D0099E42C /* Main.storyboard in Resources */ = {isa = PBXBuildFile; fileRef = 7B6BE7D421E5733D0099E42C /* Main.storyboard */; };
		7B6BE7D821E5733E0099E42C /* Assets.xcassets in Resources */ = {isa = PBXBuildFile; fileRef = 7B6BE7D721E5733E0099E42C /* Assets.xcassets */; };
		7B6BE7DB21E5733E0099E42C /* LaunchScreen.storyboard in Resources */ = {isa = PBXBuildFile; fileRef = 7B6BE7D921E5733E0099E42C /* LaunchScreen.storyboard */; };
		7B734DF721FF6E3900F56C5F /* Appearance.swift in Sources */ = {isa = PBXBuildFile; fileRef = 7B734DF621FF6E3900F56C5F /* Appearance.swift */; };
		7B734DFF22000EFF00F56C5F /* Montserrat-Regular.ttf in Resources */ = {isa = PBXBuildFile; fileRef = 7B734DFE22000EFF00F56C5F /* Montserrat-Regular.ttf */; };
		7B734E032200F21600F56C5F /* DateFormatter.swift in Sources */ = {isa = PBXBuildFile; fileRef = 7B734E022200F21600F56C5F /* DateFormatter.swift */; };
		7BA77E8121E797C200C862C1 /* LandingPageViewController.swift in Sources */ = {isa = PBXBuildFile; fileRef = 7BA77E8021E797C200C862C1 /* LandingPageViewController.swift */; };
		7BA77E8321E798A800C862C1 /* TabBarChildrenProtocol.swift in Sources */ = {isa = PBXBuildFile; fileRef = 7BA77E8221E798A800C862C1 /* TabBarChildrenProtocol.swift */; };
		7BA77E8521E7B2B500C862C1 /* User.swift in Sources */ = {isa = PBXBuildFile; fileRef = 7BA77E8421E7B2B500C862C1 /* User.swift */; };
		7BA77E8A21E7F3E200C862C1 /* Message.swift in Sources */ = {isa = PBXBuildFile; fileRef = 7BA77E8921E7F3E200C862C1 /* Message.swift */; };
		7BA77E8C21E7F5BE00C862C1 /* Team.swift in Sources */ = {isa = PBXBuildFile; fileRef = 7BA77E8B21E7F5BE00C862C1 /* Team.swift */; };
		7BA77E9021E7F68300C862C1 /* Tag.swift in Sources */ = {isa = PBXBuildFile; fileRef = 7BA77E8F21E7F68300C862C1 /* Tag.swift */; };
		7BA77E9221E7FCD100C862C1 /* Comment.swift in Sources */ = {isa = PBXBuildFile; fileRef = 7BA77E9121E7FCD000C862C1 /* Comment.swift */; };
		7BA77E9821E8033C00C862C1 /* MessageExample.json in Resources */ = {isa = PBXBuildFile; fileRef = 7BA77E9321E8033C00C862C1 /* MessageExample.json */; };
		7BA77E9921E8033C00C862C1 /* TeamExample.json in Resources */ = {isa = PBXBuildFile; fileRef = 7BA77E9421E8033C00C862C1 /* TeamExample.json */; };
		7BA77E9A21E8033C00C862C1 /* Comment.json in Resources */ = {isa = PBXBuildFile; fileRef = 7BA77E9521E8033C00C862C1 /* Comment.json */; };
		7BA77E9B21E8033C00C862C1 /* TagExample.json in Resources */ = {isa = PBXBuildFile; fileRef = 7BA77E9621E8033C00C862C1 /* TagExample.json */; };
		7BA77E9C21E8033C00C862C1 /* UserExample.json in Resources */ = {isa = PBXBuildFile; fileRef = 7BA77E9721E8033C00C862C1 /* UserExample.json */; };
		7BA77E9E21E807D200C862C1 /* MessageBoardViewController.swift in Sources */ = {isa = PBXBuildFile; fileRef = 7BA77E9D21E807D200C862C1 /* MessageBoardViewController.swift */; };
		7BA77EA021E80D6C00C862C1 /* MessagesCollectionViewController.swift in Sources */ = {isa = PBXBuildFile; fileRef = 7BA77E9F21E80D6C00C862C1 /* MessagesCollectionViewController.swift */; };
		7BA77EA221E80E3E00C862C1 /* MessageCollectionViewCell.swift in Sources */ = {isa = PBXBuildFile; fileRef = 7BA77EA121E80E3E00C862C1 /* MessageCollectionViewCell.swift */; };
		7BA77EA421E914BE00C862C1 /* TeamDetailView.storyboard in Resources */ = {isa = PBXBuildFile; fileRef = 7BA77EA321E914BE00C862C1 /* TeamDetailView.storyboard */; };
		7BA77EAA21E9177300C862C1 /* MessageDetailView.storyboard in Resources */ = {isa = PBXBuildFile; fileRef = 7BA77EA921E9177300C862C1 /* MessageDetailView.storyboard */; };
		7BA77EAC21E9376E00C862C1 /* AddEditMessageViewController.swift in Sources */ = {isa = PBXBuildFile; fileRef = 7BA77EAB21E9376E00C862C1 /* AddEditMessageViewController.swift */; };
		7BA77EAE21E9385E00C862C1 /* InviteToTeamViewController.swift in Sources */ = {isa = PBXBuildFile; fileRef = 7BA77EAD21E9385E00C862C1 /* InviteToTeamViewController.swift */; };
		7BA77EB021E93B1300C862C1 /* MessageDetailViewController.swift in Sources */ = {isa = PBXBuildFile; fileRef = 7BA77EAF21E93B1300C862C1 /* MessageDetailViewController.swift */; };
		7BA77EB221E93B2200C862C1 /* CommentsCollectionViewController.swift in Sources */ = {isa = PBXBuildFile; fileRef = 7BA77EB121E93B2200C862C1 /* CommentsCollectionViewController.swift */; };
		7BA77EB421E93B3400C862C1 /* CommentCollectionViewCell.swift in Sources */ = {isa = PBXBuildFile; fileRef = 7BA77EB321E93B3400C862C1 /* CommentCollectionViewCell.swift */; };
		7BA77EB821E93CBA00C862C1 /* ActivityTimelineViewController.swift in Sources */ = {isa = PBXBuildFile; fileRef = 7BA77EB721E93CBA00C862C1 /* ActivityTimelineViewController.swift */; };
		7BA77EBA21E93CDE00C862C1 /* ActivityCollectionViewCell.swift in Sources */ = {isa = PBXBuildFile; fileRef = 7BA77EB921E93CDE00C862C1 /* ActivityCollectionViewCell.swift */; };
		7BA77EBC21E93D1300C862C1 /* TeamDetailTableViewController.swift in Sources */ = {isa = PBXBuildFile; fileRef = 7BA77EBB21E93D1300C862C1 /* TeamDetailTableViewController.swift */; };
		7BA77EBE21E93D5600C862C1 /* SettingsViewController.swift in Sources */ = {isa = PBXBuildFile; fileRef = 7BA77EBD21E93D5600C862C1 /* SettingsViewController.swift */; };
		7BA77EC021E950BB00C862C1 /* SubscriberCollectionViewCell.swift in Sources */ = {isa = PBXBuildFile; fileRef = 7BA77EBF21E950BB00C862C1 /* SubscriberCollectionViewCell.swift */; };
		7BA77ED021ED50BB00C862C1 /* MessagesCollectionViewController.graphql in Resources */ = {isa = PBXBuildFile; fileRef = 7BA77ECF21ED50BA00C862C1 /* MessagesCollectionViewController.graphql */; };
		7BD6588921EE5A06004FF34A /* Auth0.plist in Resources */ = {isa = PBXBuildFile; fileRef = 7BD6588821EE5A06004FF34A /* Auth0.plist */; };
		7BD6589121EF8E8B004FF34A /* DashboardCollectionViewController.swift in Sources */ = {isa = PBXBuildFile; fileRef = 7BD6589021EF8E8B004FF34A /* DashboardCollectionViewController.swift */; };
		7BD6589321EF8E99004FF34A /* DashboardTeamCollectionViewCell.swift in Sources */ = {isa = PBXBuildFile; fileRef = 7BD6589221EF8E99004FF34A /* DashboardTeamCollectionViewCell.swift */; };
		7BD6589E21F00A55004FF34A /* API.swift in Sources */ = {isa = PBXBuildFile; fileRef = 7BD6589D21F00A55004FF34A /* API.swift */; };
		7BD658A021F020ED004FF34A /* DashboardCollectionViewController.graphql in Resources */ = {isa = PBXBuildFile; fileRef = 7BD6589F21F020ED004FF34A /* DashboardCollectionViewController.graphql */; };
		7BE481C622037B6200F518F9 /* DashboardCollectionReusableView.swift in Sources */ = {isa = PBXBuildFile; fileRef = 7BE481C522037B6200F518F9 /* DashboardCollectionReusableView.swift */; };
		7BE481C7220401DC00F518F9 /* Comfortaa-Regular.ttf in Resources */ = {isa = PBXBuildFile; fileRef = 7BE481C422033D3A00F518F9 /* Comfortaa-Regular.ttf */; };
		7BE481C92206A89800F518F9 /* CreateNewUserViewController.swift in Sources */ = {isa = PBXBuildFile; fileRef = 7BE481C82206A89800F518F9 /* CreateNewUserViewController.swift */; };
		7BE481CB2207871000F518F9 /* CreateNewUserViewController.graphql in Resources */ = {isa = PBXBuildFile; fileRef = 7BE481CA2207871000F518F9 /* CreateNewUserViewController.graphql */; };
		7BF336942208B3950083692E /* AddEditMessageView.storyboard in Resources */ = {isa = PBXBuildFile; fileRef = 7BF336932208B3950083692E /* AddEditMessageView.storyboard */; };
		7BF8734C21F6B4C200737729 /* LandingPageViewController.graphql in Resources */ = {isa = PBXBuildFile; fileRef = 7BF8734B21F6B4C200737729 /* LandingPageViewController.graphql */; };
		7BF8735021F6D24400737729 /* TeamDetailTableViewController.graphql in Resources */ = {isa = PBXBuildFile; fileRef = 7BF8734F21F6D24400737729 /* TeamDetailTableViewController.graphql */; };
		7BF8735221F6D37300737729 /* InviteToTeamViewController.graphql in Resources */ = {isa = PBXBuildFile; fileRef = 7BF8735121F6D37300737729 /* InviteToTeamViewController.graphql */; };
		7BF8735421F6D46C00737729 /* ActivityTimelineViewController.graphql in Resources */ = {isa = PBXBuildFile; fileRef = 7BF8735321F6D46C00737729 /* ActivityTimelineViewController.graphql */; };
		7BF8735621F6D50B00737729 /* SettingsViewController.graphql in Resources */ = {isa = PBXBuildFile; fileRef = 7BF8735521F6D50B00737729 /* SettingsViewController.graphql */; };
		7BF8735821F7B4C500737729 /* AddNewMessageViewController.graphql in Resources */ = {isa = PBXBuildFile; fileRef = 7BF8735721F7B4C500737729 /* AddNewMessageViewController.graphql */; };
		7BF8735A21F7BA8400737729 /* MessageDetailViewController.graphql in Resources */ = {isa = PBXBuildFile; fileRef = 7BF8735921F7BA8400737729 /* MessageDetailViewController.graphql */; };
		7BF8735C21F7D0F500737729 /* CommentsCollectionViewController.graphql in Resources */ = {isa = PBXBuildFile; fileRef = 7BF8735B21F7D0F500737729 /* CommentsCollectionViewController.graphql */; };
		7BF8736221FA6B4B00737729 /* Activity.swift in Sources */ = {isa = PBXBuildFile; fileRef = 7BF8736121FA6B4B00737729 /* Activity.swift */; };
		C4D48ED210903108208DB396 /* Pods_TeamHome.framework in Frameworks */ = {isa = PBXBuildFile; fileRef = 5E7A942D57C28DA6353E0A10 /* Pods_TeamHome.framework */; };
		F877E0B8221F859A00A78D08 /* FolderConcept.storyboard in Resources */ = {isa = PBXBuildFile; fileRef = F877E0B7221F859A00A78D08 /* FolderConcept.storyboard */; };
		F877E0BA221F873A00A78D08 /* FolderManagementViewController.swift in Sources */ = {isa = PBXBuildFile; fileRef = F877E0B9221F873A00A78D08 /* FolderManagementViewController.swift */; };
		F8A527812230861900E715E8 /* FolderContentsTableViewController.swift in Sources */ = {isa = PBXBuildFile; fileRef = F8A527802230861900E715E8 /* FolderContentsTableViewController.swift */; };
		F8A527832230972500E715E8 /* FolderContentsTableViewController.graphql in Sources */ = {isa = PBXBuildFile; fileRef = F8A527822230972500E715E8 /* FolderContentsTableViewController.graphql */; };
		F8BEA7F5222D035D0003C352 /* FolderDetailViewController.swift in Sources */ = {isa = PBXBuildFile; fileRef = F8BEA7F4222D035D0003C352 /* FolderDetailViewController.swift */; };
		F8BEA7F7222D03860003C352 /* FoldersTableViewController.swift in Sources */ = {isa = PBXBuildFile; fileRef = F8BEA7F6222D03860003C352 /* FoldersTableViewController.swift */; };
		F8E77CDA2214DB3B00E12C8B /* DocumentTabHome.storyboard in Resources */ = {isa = PBXBuildFile; fileRef = F8E77CD92214DB3B00E12C8B /* DocumentTabHome.storyboard */; };
		F8FDF226222DDE9B00ABAA86 /* FolderManagementViewController.graphql in Sources */ = {isa = PBXBuildFile; fileRef = F8FDF225222DDE9B00ABAA86 /* FolderManagementViewController.graphql */; };
/* End PBXBuildFile section */

/* Begin PBXFileReference section */
		10295B6822274F92002C8940 /* DocumentDetailViewController.swift */ = {isa = PBXFileReference; lastKnownFileType = sourcecode.swift; path = DocumentDetailViewController.swift; sourceTree = "<group>"; };
		103E72F62227A81000F54B0F /* DocumentDetailViewController.graphql */ = {isa = PBXFileReference; lastKnownFileType = text; path = DocumentDetailViewController.graphql; sourceTree = "<group>"; };
		103E72FC222DEE4000F54B0F /* DocumentsDetailCollectionViewController.swift */ = {isa = PBXFileReference; lastKnownFileType = sourcecode.swift; path = DocumentsDetailCollectionViewController.swift; sourceTree = "<group>"; };
		103E72FE222DEE5E00F54B0F /* DocumentCommentCollectionViewCell.swift */ = {isa = PBXFileReference; lastKnownFileType = sourcecode.swift; path = DocumentCommentCollectionViewCell.swift; sourceTree = "<group>"; };
		103E7300222DEEA100F54B0F /* DocumentsDetailCollectionViewController.graphql */ = {isa = PBXFileReference; lastKnownFileType = text; path = DocumentsDetailCollectionViewController.graphql; sourceTree = "<group>"; };
		10409403221E265F00EC4389 /* AddEditDocumentViewController.graphql */ = {isa = PBXFileReference; lastKnownFileType = text; path = AddEditDocumentViewController.graphql; sourceTree = "<group>"; };
		1060AA0B221E6416008A72A2 /* DocumentsViewController.swift */ = {isa = PBXFileReference; lastKnownFileType = sourcecode.swift; path = DocumentsViewController.swift; sourceTree = "<group>"; };
		1092D5B0221E8A5300579B34 /* DocumentsTableViewController.swift */ = {isa = PBXFileReference; lastKnownFileType = sourcecode.swift; path = DocumentsTableViewController.swift; sourceTree = "<group>"; };
		1092D5B2221E8B7D00579B34 /* DocumentsTableViewController.graphql */ = {isa = PBXFileReference; lastKnownFileType = text; path = DocumentsTableViewController.graphql; sourceTree = "<group>"; };
		10E2A19B2216153F007EC662 /* AddEditDocumentViewController.swift */ = {isa = PBXFileReference; lastKnownFileType = sourcecode.swift; path = AddEditDocumentViewController.swift; sourceTree = "<group>"; };
		465546B36BE62E5867C66338 /* Pods-TeamHome.release.xcconfig */ = {isa = PBXFileReference; includeInIndex = 1; lastKnownFileType = text.xcconfig; name = "Pods-TeamHome.release.xcconfig"; path = "Pods/Target Support Files/Pods-TeamHome/Pods-TeamHome.release.xcconfig"; sourceTree = "<group>"; };
		5E7A942D57C28DA6353E0A10 /* Pods_TeamHome.framework */ = {isa = PBXFileReference; explicitFileType = wrapper.framework; includeInIndex = 0; path = Pods_TeamHome.framework; sourceTree = BUILT_PRODUCTS_DIR; };
		7B2C51EB220B2CF7004990BB /* TagCollectionViewCell.swift */ = {isa = PBXFileReference; lastKnownFileType = sourcecode.swift; path = TagCollectionViewCell.swift; sourceTree = "<group>"; };
		7B2C51F1220CB563004990BB /* CommentsCollectionReusableView.swift */ = {isa = PBXFileReference; lastKnownFileType = sourcecode.swift; path = CommentsCollectionReusableView.swift; sourceTree = "<group>"; };
		7B6BE7CD21E5733D0099E42C /* TeamHome.app */ = {isa = PBXFileReference; explicitFileType = wrapper.application; includeInIndex = 0; path = TeamHome.app; sourceTree = BUILT_PRODUCTS_DIR; };
		7B6BE7D021E5733D0099E42C /* AppDelegate.swift */ = {isa = PBXFileReference; lastKnownFileType = sourcecode.swift; path = AppDelegate.swift; sourceTree = "<group>"; };
		7B6BE7D521E5733D0099E42C /* Base */ = {isa = PBXFileReference; lastKnownFileType = file.storyboard; name = Base; path = Base.lproj/Main.storyboard; sourceTree = "<group>"; };
		7B6BE7D721E5733E0099E42C /* Assets.xcassets */ = {isa = PBXFileReference; lastKnownFileType = folder.assetcatalog; path = Assets.xcassets; sourceTree = "<group>"; };
		7B6BE7DA21E5733E0099E42C /* Base */ = {isa = PBXFileReference; lastKnownFileType = file.storyboard; name = Base; path = Base.lproj/LaunchScreen.storyboard; sourceTree = "<group>"; };
		7B6BE7DC21E5733E0099E42C /* Info.plist */ = {isa = PBXFileReference; lastKnownFileType = text.plist.xml; path = Info.plist; sourceTree = "<group>"; };
		7B734DF621FF6E3900F56C5F /* Appearance.swift */ = {isa = PBXFileReference; lastKnownFileType = sourcecode.swift; path = Appearance.swift; sourceTree = "<group>"; };
		7B734DFE22000EFF00F56C5F /* Montserrat-Regular.ttf */ = {isa = PBXFileReference; lastKnownFileType = file; path = "Montserrat-Regular.ttf"; sourceTree = "<group>"; };
		7B734E022200F21600F56C5F /* DateFormatter.swift */ = {isa = PBXFileReference; lastKnownFileType = sourcecode.swift; path = DateFormatter.swift; sourceTree = "<group>"; };
		7BA77E8021E797C200C862C1 /* LandingPageViewController.swift */ = {isa = PBXFileReference; lastKnownFileType = sourcecode.swift; path = LandingPageViewController.swift; sourceTree = "<group>"; };
		7BA77E8221E798A800C862C1 /* TabBarChildrenProtocol.swift */ = {isa = PBXFileReference; lastKnownFileType = sourcecode.swift; path = TabBarChildrenProtocol.swift; sourceTree = "<group>"; };
		7BA77E8421E7B2B500C862C1 /* User.swift */ = {isa = PBXFileReference; lastKnownFileType = sourcecode.swift; path = User.swift; sourceTree = "<group>"; };
		7BA77E8921E7F3E200C862C1 /* Message.swift */ = {isa = PBXFileReference; lastKnownFileType = sourcecode.swift; path = Message.swift; sourceTree = "<group>"; };
		7BA77E8B21E7F5BE00C862C1 /* Team.swift */ = {isa = PBXFileReference; lastKnownFileType = sourcecode.swift; path = Team.swift; sourceTree = "<group>"; };
		7BA77E8F21E7F68300C862C1 /* Tag.swift */ = {isa = PBXFileReference; lastKnownFileType = sourcecode.swift; path = Tag.swift; sourceTree = "<group>"; };
		7BA77E9121E7FCD000C862C1 /* Comment.swift */ = {isa = PBXFileReference; lastKnownFileType = sourcecode.swift; path = Comment.swift; sourceTree = "<group>"; };
		7BA77E9321E8033C00C862C1 /* MessageExample.json */ = {isa = PBXFileReference; fileEncoding = 4; lastKnownFileType = text.json; path = MessageExample.json; sourceTree = "<group>"; };
		7BA77E9421E8033C00C862C1 /* TeamExample.json */ = {isa = PBXFileReference; fileEncoding = 4; lastKnownFileType = text.json; path = TeamExample.json; sourceTree = "<group>"; };
		7BA77E9521E8033C00C862C1 /* Comment.json */ = {isa = PBXFileReference; fileEncoding = 4; lastKnownFileType = text.json; path = Comment.json; sourceTree = "<group>"; };
		7BA77E9621E8033C00C862C1 /* TagExample.json */ = {isa = PBXFileReference; fileEncoding = 4; lastKnownFileType = text.json; path = TagExample.json; sourceTree = "<group>"; };
		7BA77E9721E8033C00C862C1 /* UserExample.json */ = {isa = PBXFileReference; fileEncoding = 4; lastKnownFileType = text.json; path = UserExample.json; sourceTree = "<group>"; };
		7BA77E9D21E807D200C862C1 /* MessageBoardViewController.swift */ = {isa = PBXFileReference; lastKnownFileType = sourcecode.swift; path = MessageBoardViewController.swift; sourceTree = "<group>"; };
		7BA77E9F21E80D6C00C862C1 /* MessagesCollectionViewController.swift */ = {isa = PBXFileReference; lastKnownFileType = sourcecode.swift; path = MessagesCollectionViewController.swift; sourceTree = "<group>"; };
		7BA77EA121E80E3E00C862C1 /* MessageCollectionViewCell.swift */ = {isa = PBXFileReference; lastKnownFileType = sourcecode.swift; path = MessageCollectionViewCell.swift; sourceTree = "<group>"; };
		7BA77EA321E914BE00C862C1 /* TeamDetailView.storyboard */ = {isa = PBXFileReference; lastKnownFileType = file.storyboard; path = TeamDetailView.storyboard; sourceTree = "<group>"; };
		7BA77EA921E9177300C862C1 /* MessageDetailView.storyboard */ = {isa = PBXFileReference; lastKnownFileType = file.storyboard; path = MessageDetailView.storyboard; sourceTree = "<group>"; };
		7BA77EAB21E9376E00C862C1 /* AddEditMessageViewController.swift */ = {isa = PBXFileReference; lastKnownFileType = sourcecode.swift; path = AddEditMessageViewController.swift; sourceTree = "<group>"; };
		7BA77EAD21E9385E00C862C1 /* InviteToTeamViewController.swift */ = {isa = PBXFileReference; lastKnownFileType = sourcecode.swift; path = InviteToTeamViewController.swift; sourceTree = "<group>"; };
		7BA77EAF21E93B1300C862C1 /* MessageDetailViewController.swift */ = {isa = PBXFileReference; lastKnownFileType = sourcecode.swift; path = MessageDetailViewController.swift; sourceTree = "<group>"; };
		7BA77EB121E93B2200C862C1 /* CommentsCollectionViewController.swift */ = {isa = PBXFileReference; lastKnownFileType = sourcecode.swift; path = CommentsCollectionViewController.swift; sourceTree = "<group>"; };
		7BA77EB321E93B3400C862C1 /* CommentCollectionViewCell.swift */ = {isa = PBXFileReference; lastKnownFileType = sourcecode.swift; path = CommentCollectionViewCell.swift; sourceTree = "<group>"; };
		7BA77EB721E93CBA00C862C1 /* ActivityTimelineViewController.swift */ = {isa = PBXFileReference; lastKnownFileType = sourcecode.swift; path = ActivityTimelineViewController.swift; sourceTree = "<group>"; };
		7BA77EB921E93CDE00C862C1 /* ActivityCollectionViewCell.swift */ = {isa = PBXFileReference; lastKnownFileType = sourcecode.swift; path = ActivityCollectionViewCell.swift; sourceTree = "<group>"; };
		7BA77EBB21E93D1300C862C1 /* TeamDetailTableViewController.swift */ = {isa = PBXFileReference; lastKnownFileType = sourcecode.swift; path = TeamDetailTableViewController.swift; sourceTree = "<group>"; };
		7BA77EBD21E93D5600C862C1 /* SettingsViewController.swift */ = {isa = PBXFileReference; lastKnownFileType = sourcecode.swift; path = SettingsViewController.swift; sourceTree = "<group>"; };
		7BA77EBF21E950BB00C862C1 /* SubscriberCollectionViewCell.swift */ = {isa = PBXFileReference; lastKnownFileType = sourcecode.swift; path = SubscriberCollectionViewCell.swift; sourceTree = "<group>"; };
		7BA77ECF21ED50BA00C862C1 /* MessagesCollectionViewController.graphql */ = {isa = PBXFileReference; fileEncoding = 4; lastKnownFileType = text; path = MessagesCollectionViewController.graphql; sourceTree = "<group>"; };
		7BD6588821EE5A06004FF34A /* Auth0.plist */ = {isa = PBXFileReference; fileEncoding = 4; lastKnownFileType = text.plist.xml; path = Auth0.plist; sourceTree = "<group>"; };
		7BD6589021EF8E8B004FF34A /* DashboardCollectionViewController.swift */ = {isa = PBXFileReference; lastKnownFileType = sourcecode.swift; path = DashboardCollectionViewController.swift; sourceTree = "<group>"; };
		7BD6589221EF8E99004FF34A /* DashboardTeamCollectionViewCell.swift */ = {isa = PBXFileReference; lastKnownFileType = sourcecode.swift; path = DashboardTeamCollectionViewCell.swift; sourceTree = "<group>"; };
		7BD6589D21F00A55004FF34A /* API.swift */ = {isa = PBXFileReference; fileEncoding = 4; lastKnownFileType = sourcecode.swift; path = API.swift; sourceTree = "<group>"; };
		7BD6589F21F020ED004FF34A /* DashboardCollectionViewController.graphql */ = {isa = PBXFileReference; fileEncoding = 4; lastKnownFileType = text; path = DashboardCollectionViewController.graphql; sourceTree = "<group>"; };
		7BE481C422033D3A00F518F9 /* Comfortaa-Regular.ttf */ = {isa = PBXFileReference; lastKnownFileType = file; path = "Comfortaa-Regular.ttf"; sourceTree = "<group>"; };
		7BE481C522037B6200F518F9 /* DashboardCollectionReusableView.swift */ = {isa = PBXFileReference; lastKnownFileType = sourcecode.swift; path = DashboardCollectionReusableView.swift; sourceTree = "<group>"; };
		7BE481C82206A89800F518F9 /* CreateNewUserViewController.swift */ = {isa = PBXFileReference; lastKnownFileType = sourcecode.swift; path = CreateNewUserViewController.swift; sourceTree = "<group>"; };
		7BE481CA2207871000F518F9 /* CreateNewUserViewController.graphql */ = {isa = PBXFileReference; fileEncoding = 4; lastKnownFileType = text; path = CreateNewUserViewController.graphql; sourceTree = "<group>"; };
		7BF336932208B3950083692E /* AddEditMessageView.storyboard */ = {isa = PBXFileReference; lastKnownFileType = file.storyboard; path = AddEditMessageView.storyboard; sourceTree = "<group>"; };
		7BF8734B21F6B4C200737729 /* LandingPageViewController.graphql */ = {isa = PBXFileReference; fileEncoding = 4; lastKnownFileType = text; path = LandingPageViewController.graphql; sourceTree = "<group>"; };
		7BF8734F21F6D24400737729 /* TeamDetailTableViewController.graphql */ = {isa = PBXFileReference; fileEncoding = 4; lastKnownFileType = text; path = TeamDetailTableViewController.graphql; sourceTree = "<group>"; };
		7BF8735121F6D37300737729 /* InviteToTeamViewController.graphql */ = {isa = PBXFileReference; fileEncoding = 4; lastKnownFileType = text; path = InviteToTeamViewController.graphql; sourceTree = "<group>"; };
		7BF8735321F6D46C00737729 /* ActivityTimelineViewController.graphql */ = {isa = PBXFileReference; fileEncoding = 4; lastKnownFileType = text; path = ActivityTimelineViewController.graphql; sourceTree = "<group>"; };
		7BF8735521F6D50B00737729 /* SettingsViewController.graphql */ = {isa = PBXFileReference; fileEncoding = 4; lastKnownFileType = text; path = SettingsViewController.graphql; sourceTree = "<group>"; };
		7BF8735721F7B4C500737729 /* AddNewMessageViewController.graphql */ = {isa = PBXFileReference; fileEncoding = 4; lastKnownFileType = text; path = AddNewMessageViewController.graphql; sourceTree = "<group>"; };
		7BF8735921F7BA8400737729 /* MessageDetailViewController.graphql */ = {isa = PBXFileReference; fileEncoding = 4; lastKnownFileType = text; path = MessageDetailViewController.graphql; sourceTree = "<group>"; };
		7BF8735B21F7D0F500737729 /* CommentsCollectionViewController.graphql */ = {isa = PBXFileReference; fileEncoding = 4; lastKnownFileType = text; path = CommentsCollectionViewController.graphql; sourceTree = "<group>"; };
		7BF8736121FA6B4B00737729 /* Activity.swift */ = {isa = PBXFileReference; lastKnownFileType = sourcecode.swift; path = Activity.swift; sourceTree = "<group>"; };
		DE4B1FF0DF331C25C53901F0 /* Pods-TeamHome.debug.xcconfig */ = {isa = PBXFileReference; includeInIndex = 1; lastKnownFileType = text.xcconfig; name = "Pods-TeamHome.debug.xcconfig"; path = "Pods/Target Support Files/Pods-TeamHome/Pods-TeamHome.debug.xcconfig"; sourceTree = "<group>"; };
		F877E0B7221F859A00A78D08 /* FolderConcept.storyboard */ = {isa = PBXFileReference; lastKnownFileType = file.storyboard; path = FolderConcept.storyboard; sourceTree = "<group>"; };
		F877E0B9221F873A00A78D08 /* FolderManagementViewController.swift */ = {isa = PBXFileReference; lastKnownFileType = sourcecode.swift; path = FolderManagementViewController.swift; sourceTree = "<group>"; };
		F8A527802230861900E715E8 /* FolderContentsTableViewController.swift */ = {isa = PBXFileReference; lastKnownFileType = sourcecode.swift; path = FolderContentsTableViewController.swift; sourceTree = "<group>"; };
		F8A527822230972500E715E8 /* FolderContentsTableViewController.graphql */ = {isa = PBXFileReference; lastKnownFileType = text; path = FolderContentsTableViewController.graphql; sourceTree = "<group>"; };
		F8BEA7F4222D035D0003C352 /* FolderDetailViewController.swift */ = {isa = PBXFileReference; lastKnownFileType = sourcecode.swift; path = FolderDetailViewController.swift; sourceTree = "<group>"; };
		F8BEA7F6222D03860003C352 /* FoldersTableViewController.swift */ = {isa = PBXFileReference; lastKnownFileType = sourcecode.swift; path = FoldersTableViewController.swift; sourceTree = "<group>"; };
		F8E77CD92214DB3B00E12C8B /* DocumentTabHome.storyboard */ = {isa = PBXFileReference; lastKnownFileType = file.storyboard; path = DocumentTabHome.storyboard; sourceTree = "<group>"; };
		F8FDF225222DDE9B00ABAA86 /* FolderManagementViewController.graphql */ = {isa = PBXFileReference; lastKnownFileType = text; path = FolderManagementViewController.graphql; sourceTree = "<group>"; };
/* End PBXFileReference section */

/* Begin PBXFrameworksBuildPhase section */
		7B6BE7CA21E5733D0099E42C /* Frameworks */ = {
			isa = PBXFrameworksBuildPhase;
			buildActionMask = 2147483647;
			files = (
				C4D48ED210903108208DB396 /* Pods_TeamHome.framework in Frameworks */,
			);
			runOnlyForDeploymentPostprocessing = 0;
		};
/* End PBXFrameworksBuildPhase section */

/* Begin PBXGroup section */
		40A1C1093F06A4157C9FCB7C /* Pods */ = {
			isa = PBXGroup;
			children = (
				DE4B1FF0DF331C25C53901F0 /* Pods-TeamHome.debug.xcconfig */,
				465546B36BE62E5867C66338 /* Pods-TeamHome.release.xcconfig */,
			);
			name = Pods;
			sourceTree = "<group>";
		};
		5F0CB1EC456F63FEAC3CAE85 /* Frameworks */ = {
			isa = PBXGroup;
			children = (
				5E7A942D57C28DA6353E0A10 /* Pods_TeamHome.framework */,
			);
			name = Frameworks;
			sourceTree = "<group>";
		};
		7B6BE7C421E5733D0099E42C = {
			isa = PBXGroup;
			children = (
				7B6BE7CF21E5733D0099E42C /* TeamHome */,
				7B6BE7CE21E5733D0099E42C /* Products */,
				40A1C1093F06A4157C9FCB7C /* Pods */,
				5F0CB1EC456F63FEAC3CAE85 /* Frameworks */,
			);
			sourceTree = "<group>";
		};
		7B6BE7CE21E5733D0099E42C /* Products */ = {
			isa = PBXGroup;
			children = (
				7B6BE7CD21E5733D0099E42C /* TeamHome.app */,
			);
			name = Products;
			sourceTree = "<group>";
		};
		7B6BE7CF21E5733D0099E42C /* TeamHome */ = {
			isa = PBXGroup;
			children = (
				7BD6589D21F00A55004FF34A /* API.swift */,
				7B734DF821FFF48D00F56C5F /* Helper */,
				7BA77E6F21E6BAC400C862C1 /* Resources */,
				7BA77E6D21E6BAAF00C862C1 /* Models */,
				7BA77E6C21E6BAA600C862C1 /* View Controllers */,
				7BA77E6B21E6BA9600C862C1 /* Storyboards */,
			);
			path = TeamHome;
			sourceTree = "<group>";
		};
		7B734DF821FFF48D00F56C5F /* Helper */ = {
			isa = PBXGroup;
			children = (
				7BA77E8221E798A800C862C1 /* TabBarChildrenProtocol.swift */,
				7B734DF621FF6E3900F56C5F /* Appearance.swift */,
				7B734E022200F21600F56C5F /* DateFormatter.swift */,
			);
			path = Helper;
			sourceTree = "<group>";
		};
		7BA77E6B21E6BA9600C862C1 /* Storyboards */ = {
			isa = PBXGroup;
			children = (
				7B6BE7D421E5733D0099E42C /* Main.storyboard */,
				7BF336932208B3950083692E /* AddEditMessageView.storyboard */,
				7BA77EA921E9177300C862C1 /* MessageDetailView.storyboard */,
				7BA77EA321E914BE00C862C1 /* TeamDetailView.storyboard */,
				7B6BE7D921E5733E0099E42C /* LaunchScreen.storyboard */,
				F8E77CD92214DB3B00E12C8B /* DocumentTabHome.storyboard */,
				F877E0B7221F859A00A78D08 /* FolderConcept.storyboard */,
			);
			path = Storyboards;
			sourceTree = "<group>";
		};
		7BA77E6C21E6BAA600C862C1 /* View Controllers */ = {
			isa = PBXGroup;
			children = (
				7BA77E8021E797C200C862C1 /* LandingPageViewController.swift */,
				7BF8734B21F6B4C200737729 /* LandingPageViewController.graphql */,
				7BE481C82206A89800F518F9 /* CreateNewUserViewController.swift */,
				7BE481CA2207871000F518F9 /* CreateNewUserViewController.graphql */,
				7BD6589021EF8E8B004FF34A /* DashboardCollectionViewController.swift */,
				7BD6589F21F020ED004FF34A /* DashboardCollectionViewController.graphql */,
				7BE481C522037B6200F518F9 /* DashboardCollectionReusableView.swift */,
				7BD6589221EF8E99004FF34A /* DashboardTeamCollectionViewCell.swift */,
				7BA77E9D21E807D200C862C1 /* MessageBoardViewController.swift */,
				7BA77E9F21E80D6C00C862C1 /* MessagesCollectionViewController.swift */,
				7BA77ECF21ED50BA00C862C1 /* MessagesCollectionViewController.graphql */,
				7BA77EA121E80E3E00C862C1 /* MessageCollectionViewCell.swift */,
				7BA77EAB21E9376E00C862C1 /* AddEditMessageViewController.swift */,
				7BF8735721F7B4C500737729 /* AddNewMessageViewController.graphql */,
				7B2C51EB220B2CF7004990BB /* TagCollectionViewCell.swift */,
				7BF8735921F7BA8400737729 /* MessageDetailViewController.graphql */,
				7BA77EAF21E93B1300C862C1 /* MessageDetailViewController.swift */,
				7BA77EB121E93B2200C862C1 /* CommentsCollectionViewController.swift */,
				7B2C51F1220CB563004990BB /* CommentsCollectionReusableView.swift */,
				7BF8735B21F7D0F500737729 /* CommentsCollectionViewController.graphql */,
				7BA77EB321E93B3400C862C1 /* CommentCollectionViewCell.swift */,
				7BA77EBF21E950BB00C862C1 /* SubscriberCollectionViewCell.swift */,
				7BA77EB721E93CBA00C862C1 /* ActivityTimelineViewController.swift */,
				7BF8735321F6D46C00737729 /* ActivityTimelineViewController.graphql */,
				7BA77EB921E93CDE00C862C1 /* ActivityCollectionViewCell.swift */,
				7BA77EBB21E93D1300C862C1 /* TeamDetailTableViewController.swift */,
				7BF8734F21F6D24400737729 /* TeamDetailTableViewController.graphql */,
				7BA77EAD21E9385E00C862C1 /* InviteToTeamViewController.swift */,
				7BF8735121F6D37300737729 /* InviteToTeamViewController.graphql */,
				7BA77EBD21E93D5600C862C1 /* SettingsViewController.swift */,
				7BF8735521F6D50B00737729 /* SettingsViewController.graphql */,
				10E2A19B2216153F007EC662 /* AddEditDocumentViewController.swift */,
				10409403221E265F00EC4389 /* AddEditDocumentViewController.graphql */,
				1060AA0B221E6416008A72A2 /* DocumentsViewController.swift */,
				1092D5B0221E8A5300579B34 /* DocumentsTableViewController.swift */,
				1092D5B2221E8B7D00579B34 /* DocumentsTableViewController.graphql */,
				F8BEA7F6222D03860003C352 /* FoldersTableViewController.swift */,
				F8A527802230861900E715E8 /* FolderContentsTableViewController.swift */,
				F8A527822230972500E715E8 /* FolderContentsTableViewController.graphql */,
				10295B6822274F92002C8940 /* DocumentDetailViewController.swift */,
				103E72F62227A81000F54B0F /* DocumentDetailViewController.graphql */,
				103E72FC222DEE4000F54B0F /* DocumentsDetailCollectionViewController.swift */,
				103E7300222DEEA100F54B0F /* DocumentsDetailCollectionViewController.graphql */,
				103E72FE222DEE5E00F54B0F /* DocumentCommentCollectionViewCell.swift */,
				F877E0B9221F873A00A78D08 /* FolderManagementViewController.swift */,
				F8FDF225222DDE9B00ABAA86 /* FolderManagementViewController.graphql */,
				F8BEA7F4222D035D0003C352 /* FolderDetailViewController.swift */,
			);
			path = "View Controllers";
			sourceTree = "<group>";
		};
		7BA77E6D21E6BAAF00C862C1 /* Models */ = {
			isa = PBXGroup;
			children = (
				7BA77E8621E7BDD400C862C1 /* Mock json */,
				7BA77E8421E7B2B500C862C1 /* User.swift */,
				7BA77E8921E7F3E200C862C1 /* Message.swift */,
				7BA77E9121E7FCD000C862C1 /* Comment.swift */,
				7BA77E8B21E7F5BE00C862C1 /* Team.swift */,
				7BA77E8F21E7F68300C862C1 /* Tag.swift */,
				7BF8736121FA6B4B00737729 /* Activity.swift */,
			);
			path = Models;
			sourceTree = "<group>";
		};
		7BA77E6F21E6BAC400C862C1 /* Resources */ = {
			isa = PBXGroup;
			children = (
				7B6BE7D021E5733D0099E42C /* AppDelegate.swift */,
				7B6BE7D721E5733E0099E42C /* Assets.xcassets */,
				7BD6588821EE5A06004FF34A /* Auth0.plist */,
				7B6BE7DC21E5733E0099E42C /* Info.plist */,
				7BE481C422033D3A00F518F9 /* Comfortaa-Regular.ttf */,
				7B734DFE22000EFF00F56C5F /* Montserrat-Regular.ttf */,
			);
			path = Resources;
			sourceTree = "<group>";
		};
		7BA77E8621E7BDD400C862C1 /* Mock json */ = {
			isa = PBXGroup;
			children = (
				7BA77E9521E8033C00C862C1 /* Comment.json */,
				7BA77E9321E8033C00C862C1 /* MessageExample.json */,
				7BA77E9621E8033C00C862C1 /* TagExample.json */,
				7BA77E9421E8033C00C862C1 /* TeamExample.json */,
				7BA77E9721E8033C00C862C1 /* UserExample.json */,
			);
			path = "Mock json";
			sourceTree = "<group>";
		};
/* End PBXGroup section */

/* Begin PBXNativeTarget section */
		7B6BE7CC21E5733D0099E42C /* TeamHome */ = {
			isa = PBXNativeTarget;
			buildConfigurationList = 7B6BE7DF21E5733E0099E42C /* Build configuration list for PBXNativeTarget "TeamHome" */;
			buildPhases = (
				2D45B5840C26F401549EC196 /* [CP] Check Pods Manifest.lock */,
				1060AA10221E70C9008A72A2 /* Generate Apollo GraphQL API */,
				7B6BE7C921E5733D0099E42C /* Sources */,
				7B6BE7CA21E5733D0099E42C /* Frameworks */,
				7B6BE7CB21E5733D0099E42C /* Resources */,
				0D7CD26B5B99E080D5F02A24 /* [CP] Embed Pods Frameworks */,
			);
			buildRules = (
			);
			dependencies = (
			);
			name = TeamHome;
			productName = TeamHome;
			productReference = 7B6BE7CD21E5733D0099E42C /* TeamHome.app */;
			productType = "com.apple.product-type.application";
		};
/* End PBXNativeTarget section */

/* Begin PBXProject section */
		7B6BE7C521E5733D0099E42C /* Project object */ = {
			isa = PBXProject;
			attributes = {
				LastSwiftUpdateCheck = 1010;
				LastUpgradeCheck = 1010;
				ORGANIZATIONNAME = "Lambda School under the MIT license";
				TargetAttributes = {
					7B6BE7CC21E5733D0099E42C = {
						CreatedOnToolsVersion = 10.1;
					};
				};
			};
			buildConfigurationList = 7B6BE7C821E5733D0099E42C /* Build configuration list for PBXProject "TeamHome" */;
			compatibilityVersion = "Xcode 9.3";
			developmentRegion = en;
			hasScannedForEncodings = 0;
			knownRegions = (
				en,
				Base,
			);
			mainGroup = 7B6BE7C421E5733D0099E42C;
			productRefGroup = 7B6BE7CE21E5733D0099E42C /* Products */;
			projectDirPath = "";
			projectRoot = "";
			targets = (
				7B6BE7CC21E5733D0099E42C /* TeamHome */,
			);
		};
/* End PBXProject section */

/* Begin PBXResourcesBuildPhase section */
		7B6BE7CB21E5733D0099E42C /* Resources */ = {
			isa = PBXResourcesBuildPhase;
			buildActionMask = 2147483647;
			files = (
				7BF8735421F6D46C00737729 /* ActivityTimelineViewController.graphql in Resources */,
				7B734DFF22000EFF00F56C5F /* Montserrat-Regular.ttf in Resources */,
				103E7301222DEEA200F54B0F /* DocumentsDetailCollectionViewController.graphql in Resources */,
				7BA77ED021ED50BB00C862C1 /* MessagesCollectionViewController.graphql in Resources */,
				F877E0B8221F859A00A78D08 /* FolderConcept.storyboard in Resources */,
				7BE481C7220401DC00F518F9 /* Comfortaa-Regular.ttf in Resources */,
				7BF8735A21F7BA8400737729 /* MessageDetailViewController.graphql in Resources */,
				7BA77E9921E8033C00C862C1 /* TeamExample.json in Resources */,
				7BA77E9821E8033C00C862C1 /* MessageExample.json in Resources */,
				7BF8735621F6D50B00737729 /* SettingsViewController.graphql in Resources */,
				7BF8735021F6D24400737729 /* TeamDetailTableViewController.graphql in Resources */,
				7BE481CB2207871000F518F9 /* CreateNewUserViewController.graphql in Resources */,
				7BA77E9B21E8033C00C862C1 /* TagExample.json in Resources */,
				7BF8735C21F7D0F500737729 /* CommentsCollectionViewController.graphql in Resources */,
				7BF8735821F7B4C500737729 /* AddNewMessageViewController.graphql in Resources */,
				7BA77E9C21E8033C00C862C1 /* UserExample.json in Resources */,
				F8E77CDA2214DB3B00E12C8B /* DocumentTabHome.storyboard in Resources */,
				7B6BE7DB21E5733E0099E42C /* LaunchScreen.storyboard in Resources */,
				7BA77EAA21E9177300C862C1 /* MessageDetailView.storyboard in Resources */,
				7BF8734C21F6B4C200737729 /* LandingPageViewController.graphql in Resources */,
				7BF8735221F6D37300737729 /* InviteToTeamViewController.graphql in Resources */,
				7B6BE7D821E5733E0099E42C /* Assets.xcassets in Resources */,
				7B6BE7D621E5733D0099E42C /* Main.storyboard in Resources */,
				7BD658A021F020ED004FF34A /* DashboardCollectionViewController.graphql in Resources */,
				7BA77E9A21E8033C00C862C1 /* Comment.json in Resources */,
				7BF336942208B3950083692E /* AddEditMessageView.storyboard in Resources */,
				7BD6588921EE5A06004FF34A /* Auth0.plist in Resources */,
				7BA77EA421E914BE00C862C1 /* TeamDetailView.storyboard in Resources */,
			);
			runOnlyForDeploymentPostprocessing = 0;
		};
/* End PBXResourcesBuildPhase section */

/* Begin PBXShellScriptBuildPhase section */
		0D7CD26B5B99E080D5F02A24 /* [CP] Embed Pods Frameworks */ = {
			isa = PBXShellScriptBuildPhase;
			buildActionMask = 2147483647;
			files = (
			);
			inputFileListPaths = (
			);
			inputPaths = (
				"${PODS_ROOT}/Target Support Files/Pods-TeamHome/Pods-TeamHome-frameworks.sh",
				"${BUILT_PRODUCTS_DIR}/Alamofire/Alamofire.framework",
				"${BUILT_PRODUCTS_DIR}/Apollo/Apollo.framework",
				"${BUILT_PRODUCTS_DIR}/Auth0/Auth0.framework",
				"${BUILT_PRODUCTS_DIR}/CSStickyHeaderFlowLayout/CSStickyHeaderFlowLayout.framework",
				"${BUILT_PRODUCTS_DIR}/Cloudinary/Cloudinary.framework",
				"${BUILT_PRODUCTS_DIR}/GrowingTextView/GrowingTextView.framework",
				"${BUILT_PRODUCTS_DIR}/MEVHorizontalContacts/MEVHorizontalContacts.framework",
				"${BUILT_PRODUCTS_DIR}/Material/Material.framework",
				"${BUILT_PRODUCTS_DIR}/Motion/Motion.framework",
				"${BUILT_PRODUCTS_DIR}/SimpleKeychain/SimpleKeychain.framework",
				"${BUILT_PRODUCTS_DIR}/TagListView/TagListView.framework",
				"${BUILT_PRODUCTS_DIR}/Toucan/Toucan.framework",
			);
			name = "[CP] Embed Pods Frameworks";
			outputFileListPaths = (
			);
			outputPaths = (
				"${TARGET_BUILD_DIR}/${FRAMEWORKS_FOLDER_PATH}/Alamofire.framework",
				"${TARGET_BUILD_DIR}/${FRAMEWORKS_FOLDER_PATH}/Apollo.framework",
				"${TARGET_BUILD_DIR}/${FRAMEWORKS_FOLDER_PATH}/Auth0.framework",
				"${TARGET_BUILD_DIR}/${FRAMEWORKS_FOLDER_PATH}/CSStickyHeaderFlowLayout.framework",
				"${TARGET_BUILD_DIR}/${FRAMEWORKS_FOLDER_PATH}/Cloudinary.framework",
				"${TARGET_BUILD_DIR}/${FRAMEWORKS_FOLDER_PATH}/GrowingTextView.framework",
				"${TARGET_BUILD_DIR}/${FRAMEWORKS_FOLDER_PATH}/MEVHorizontalContacts.framework",
				"${TARGET_BUILD_DIR}/${FRAMEWORKS_FOLDER_PATH}/Material.framework",
				"${TARGET_BUILD_DIR}/${FRAMEWORKS_FOLDER_PATH}/Motion.framework",
				"${TARGET_BUILD_DIR}/${FRAMEWORKS_FOLDER_PATH}/SimpleKeychain.framework",
				"${TARGET_BUILD_DIR}/${FRAMEWORKS_FOLDER_PATH}/TagListView.framework",
				"${TARGET_BUILD_DIR}/${FRAMEWORKS_FOLDER_PATH}/Toucan.framework",
			);
			runOnlyForDeploymentPostprocessing = 0;
			shellPath = /bin/sh;
			shellScript = "\"${PODS_ROOT}/Target Support Files/Pods-TeamHome/Pods-TeamHome-frameworks.sh\"\n";
			showEnvVarsInLog = 0;
		};
		1060AA10221E70C9008A72A2 /* Generate Apollo GraphQL API */ = {
			isa = PBXShellScriptBuildPhase;
			buildActionMask = 2147483647;
			files = (
			);
			inputFileListPaths = (
			);
			inputPaths = (
			);
			name = "Generate Apollo GraphQL API";
			outputFileListPaths = (
			);
			outputPaths = (
			);
			runOnlyForDeploymentPostprocessing = 0;
			shellPath = /bin/sh;
			shellScript = "APOLLO_FRAMEWORK_PATH=\"$(eval find $FRAMEWORK_SEARCH_PATHS -name \"Apollo.framework\" -maxdepth 1)\"\n\nif [ -z \"$APOLLO_FRAMEWORK_PATH\" ]; then\necho \"error: Couldn't find Apollo.framework in FRAMEWORK_SEARCH_PATHS; make sure to add the framework to your project.\"\nexit 1\nfi\n\ncd \"${SRCROOT}/${TARGET_NAME}\"\n$APOLLO_FRAMEWORK_PATH/check-and-run-apollo-cli.sh codegen:generate --queries=\"$(find . -name '*.graphql')\" --schema=schema.json API.swift\n";
		};
		2D45B5840C26F401549EC196 /* [CP] Check Pods Manifest.lock */ = {
			isa = PBXShellScriptBuildPhase;
			buildActionMask = 2147483647;
			files = (
			);
			inputFileListPaths = (
			);
			inputPaths = (
				"${PODS_PODFILE_DIR_PATH}/Podfile.lock",
				"${PODS_ROOT}/Manifest.lock",
			);
			name = "[CP] Check Pods Manifest.lock";
			outputFileListPaths = (
			);
			outputPaths = (
				"$(DERIVED_FILE_DIR)/Pods-TeamHome-checkManifestLockResult.txt",
			);
			runOnlyForDeploymentPostprocessing = 0;
			shellPath = /bin/sh;
			shellScript = "diff \"${PODS_PODFILE_DIR_PATH}/Podfile.lock\" \"${PODS_ROOT}/Manifest.lock\" > /dev/null\nif [ $? != 0 ] ; then\n    # print error to STDERR\n    echo \"error: The sandbox is not in sync with the Podfile.lock. Run 'pod install' or update your CocoaPods installation.\" >&2\n    exit 1\nfi\n# This output is used by Xcode 'outputs' to avoid re-running this script phase.\necho \"SUCCESS\" > \"${SCRIPT_OUTPUT_FILE_0}\"\n";
			showEnvVarsInLog = 0;
		};
/* End PBXShellScriptBuildPhase section */

/* Begin PBXSourcesBuildPhase section */
		7B6BE7C921E5733D0099E42C /* Sources */ = {
			isa = PBXSourcesBuildPhase;
			buildActionMask = 2147483647;
			files = (
				F8A527832230972500E715E8 /* FolderContentsTableViewController.graphql in Sources */,
				7BA77EC021E950BB00C862C1 /* SubscriberCollectionViewCell.swift in Sources */,
				10E2A19C2216153F007EC662 /* AddEditDocumentViewController.swift in Sources */,
				103E72FD222DEE4100F54B0F /* DocumentsDetailCollectionViewController.swift in Sources */,
				7B734DF721FF6E3900F56C5F /* Appearance.swift in Sources */,
				1060AA0C221E6416008A72A2 /* DocumentsViewController.swift in Sources */,
				7BA77E8C21E7F5BE00C862C1 /* Team.swift in Sources */,
				7BA77EAC21E9376E00C862C1 /* AddEditMessageViewController.swift in Sources */,
				103E72FF222DEE5F00F54B0F /* DocumentCommentCollectionViewCell.swift in Sources */,
				7BA77E8521E7B2B500C862C1 /* User.swift in Sources */,
				7BA77EBE21E93D5600C862C1 /* SettingsViewController.swift in Sources */,
				F8A527812230861900E715E8 /* FolderContentsTableViewController.swift in Sources */,
				7BA77EA021E80D6C00C862C1 /* MessagesCollectionViewController.swift in Sources */,
				7BA77EBC21E93D1300C862C1 /* TeamDetailTableViewController.swift in Sources */,
				7BA77EB421E93B3400C862C1 /* CommentCollectionViewCell.swift in Sources */,
				10409404221E265F00EC4389 /* AddEditDocumentViewController.graphql in Sources */,
				1092D5B1221E8A5300579B34 /* DocumentsTableViewController.swift in Sources */,
				7BE481C622037B6200F518F9 /* DashboardCollectionReusableView.swift in Sources */,
				7B6BE7D121E5733D0099E42C /* AppDelegate.swift in Sources */,
				7BA77EA221E80E3E00C862C1 /* MessageCollectionViewCell.swift in Sources */,
				7BA77E9221E7FCD100C862C1 /* Comment.swift in Sources */,
				103E72F72227A81000F54B0F /* DocumentDetailViewController.graphql in Sources */,
				7BA77EBA21E93CDE00C862C1 /* ActivityCollectionViewCell.swift in Sources */,
				7BA77E9021E7F68300C862C1 /* Tag.swift in Sources */,
				7BA77EAE21E9385E00C862C1 /* InviteToTeamViewController.swift in Sources */,
				7BA77E8A21E7F3E200C862C1 /* Message.swift in Sources */,
				7BA77EB221E93B2200C862C1 /* CommentsCollectionViewController.swift in Sources */,
				7BA77E8121E797C200C862C1 /* LandingPageViewController.swift in Sources */,
				F8FDF226222DDE9B00ABAA86 /* FolderManagementViewController.graphql in Sources */,
				7BA77EB021E93B1300C862C1 /* MessageDetailViewController.swift in Sources */,
				1092D5B3221E8B7D00579B34 /* DocumentsTableViewController.graphql in Sources */,
				7BA77E9E21E807D200C862C1 /* MessageBoardViewController.swift in Sources */,
				7BD6589121EF8E8B004FF34A /* DashboardCollectionViewController.swift in Sources */,
				F8BEA7F7222D03860003C352 /* FoldersTableViewController.swift in Sources */,
				7BD6589321EF8E99004FF34A /* DashboardTeamCollectionViewCell.swift in Sources */,
				7BE481C92206A89800F518F9 /* CreateNewUserViewController.swift in Sources */,
				7BA77EB821E93CBA00C862C1 /* ActivityTimelineViewController.swift in Sources */,
				7B734E032200F21600F56C5F /* DateFormatter.swift in Sources */,
				7BD6589E21F00A55004FF34A /* API.swift in Sources */,
				F877E0BA221F873A00A78D08 /* FolderManagementViewController.swift in Sources */,
				F8BEA7F5222D035D0003C352 /* FolderDetailViewController.swift in Sources */,
				7B2C51EC220B2CF7004990BB /* TagCollectionViewCell.swift in Sources */,
				7BF8736221FA6B4B00737729 /* Activity.swift in Sources */,
				7B2C51F2220CB563004990BB /* CommentsCollectionReusableView.swift in Sources */,
				10295B6922274F92002C8940 /* DocumentDetailViewController.swift in Sources */,
				7BA77E8321E798A800C862C1 /* TabBarChildrenProtocol.swift in Sources */,
			);
			runOnlyForDeploymentPostprocessing = 0;
		};
/* End PBXSourcesBuildPhase section */

/* Begin PBXVariantGroup section */
		7B6BE7D421E5733D0099E42C /* Main.storyboard */ = {
			isa = PBXVariantGroup;
			children = (
				7B6BE7D521E5733D0099E42C /* Base */,
			);
			name = Main.storyboard;
			sourceTree = "<group>";
		};
		7B6BE7D921E5733E0099E42C /* LaunchScreen.storyboard */ = {
			isa = PBXVariantGroup;
			children = (
				7B6BE7DA21E5733E0099E42C /* Base */,
			);
			name = LaunchScreen.storyboard;
			sourceTree = "<group>";
		};
/* End PBXVariantGroup section */

/* Begin XCBuildConfiguration section */
		7B6BE7DD21E5733E0099E42C /* Debug */ = {
			isa = XCBuildConfiguration;
			buildSettings = {
				ALWAYS_SEARCH_USER_PATHS = NO;
				CLANG_ANALYZER_NONNULL = YES;
				CLANG_ANALYZER_NUMBER_OBJECT_CONVERSION = YES_AGGRESSIVE;
				CLANG_CXX_LANGUAGE_STANDARD = "gnu++14";
				CLANG_CXX_LIBRARY = "libc++";
				CLANG_ENABLE_MODULES = YES;
				CLANG_ENABLE_OBJC_ARC = YES;
				CLANG_ENABLE_OBJC_WEAK = YES;
				CLANG_WARN_BLOCK_CAPTURE_AUTORELEASING = YES;
				CLANG_WARN_BOOL_CONVERSION = YES;
				CLANG_WARN_COMMA = YES;
				CLANG_WARN_CONSTANT_CONVERSION = YES;
				CLANG_WARN_DEPRECATED_OBJC_IMPLEMENTATIONS = YES;
				CLANG_WARN_DIRECT_OBJC_ISA_USAGE = YES_ERROR;
				CLANG_WARN_DOCUMENTATION_COMMENTS = YES;
				CLANG_WARN_EMPTY_BODY = YES;
				CLANG_WARN_ENUM_CONVERSION = YES;
				CLANG_WARN_INFINITE_RECURSION = YES;
				CLANG_WARN_INT_CONVERSION = YES;
				CLANG_WARN_NON_LITERAL_NULL_CONVERSION = YES;
				CLANG_WARN_OBJC_IMPLICIT_RETAIN_SELF = YES;
				CLANG_WARN_OBJC_LITERAL_CONVERSION = YES;
				CLANG_WARN_OBJC_ROOT_CLASS = YES_ERROR;
				CLANG_WARN_RANGE_LOOP_ANALYSIS = YES;
				CLANG_WARN_STRICT_PROTOTYPES = YES;
				CLANG_WARN_SUSPICIOUS_MOVE = YES;
				CLANG_WARN_UNGUARDED_AVAILABILITY = YES_AGGRESSIVE;
				CLANG_WARN_UNREACHABLE_CODE = YES;
				CLANG_WARN__DUPLICATE_METHOD_MATCH = YES;
				CODE_SIGN_IDENTITY = "iPhone Developer";
				COPY_PHASE_STRIP = NO;
				DEBUG_INFORMATION_FORMAT = dwarf;
				ENABLE_STRICT_OBJC_MSGSEND = YES;
				ENABLE_TESTABILITY = YES;
				GCC_C_LANGUAGE_STANDARD = gnu11;
				GCC_DYNAMIC_NO_PIC = NO;
				GCC_NO_COMMON_BLOCKS = YES;
				GCC_OPTIMIZATION_LEVEL = 0;
				GCC_PREPROCESSOR_DEFINITIONS = (
					"DEBUG=1",
					"$(inherited)",
				);
				GCC_WARN_64_TO_32_BIT_CONVERSION = YES;
				GCC_WARN_ABOUT_RETURN_TYPE = YES_ERROR;
				GCC_WARN_UNDECLARED_SELECTOR = YES;
				GCC_WARN_UNINITIALIZED_AUTOS = YES_AGGRESSIVE;
				GCC_WARN_UNUSED_FUNCTION = YES;
				GCC_WARN_UNUSED_VARIABLE = YES;
				IPHONEOS_DEPLOYMENT_TARGET = 12.1;
				MTL_ENABLE_DEBUG_INFO = INCLUDE_SOURCE;
				MTL_FAST_MATH = YES;
				ONLY_ACTIVE_ARCH = YES;
				SDKROOT = iphoneos;
				SWIFT_ACTIVE_COMPILATION_CONDITIONS = DEBUG;
				SWIFT_OPTIMIZATION_LEVEL = "-Onone";
			};
			name = Debug;
		};
		7B6BE7DE21E5733E0099E42C /* Release */ = {
			isa = XCBuildConfiguration;
			buildSettings = {
				ALWAYS_SEARCH_USER_PATHS = NO;
				CLANG_ANALYZER_NONNULL = YES;
				CLANG_ANALYZER_NUMBER_OBJECT_CONVERSION = YES_AGGRESSIVE;
				CLANG_CXX_LANGUAGE_STANDARD = "gnu++14";
				CLANG_CXX_LIBRARY = "libc++";
				CLANG_ENABLE_MODULES = YES;
				CLANG_ENABLE_OBJC_ARC = YES;
				CLANG_ENABLE_OBJC_WEAK = YES;
				CLANG_WARN_BLOCK_CAPTURE_AUTORELEASING = YES;
				CLANG_WARN_BOOL_CONVERSION = YES;
				CLANG_WARN_COMMA = YES;
				CLANG_WARN_CONSTANT_CONVERSION = YES;
				CLANG_WARN_DEPRECATED_OBJC_IMPLEMENTATIONS = YES;
				CLANG_WARN_DIRECT_OBJC_ISA_USAGE = YES_ERROR;
				CLANG_WARN_DOCUMENTATION_COMMENTS = YES;
				CLANG_WARN_EMPTY_BODY = YES;
				CLANG_WARN_ENUM_CONVERSION = YES;
				CLANG_WARN_INFINITE_RECURSION = YES;
				CLANG_WARN_INT_CONVERSION = YES;
				CLANG_WARN_NON_LITERAL_NULL_CONVERSION = YES;
				CLANG_WARN_OBJC_IMPLICIT_RETAIN_SELF = YES;
				CLANG_WARN_OBJC_LITERAL_CONVERSION = YES;
				CLANG_WARN_OBJC_ROOT_CLASS = YES_ERROR;
				CLANG_WARN_RANGE_LOOP_ANALYSIS = YES;
				CLANG_WARN_STRICT_PROTOTYPES = YES;
				CLANG_WARN_SUSPICIOUS_MOVE = YES;
				CLANG_WARN_UNGUARDED_AVAILABILITY = YES_AGGRESSIVE;
				CLANG_WARN_UNREACHABLE_CODE = YES;
				CLANG_WARN__DUPLICATE_METHOD_MATCH = YES;
				CODE_SIGN_IDENTITY = "iPhone Developer";
				COPY_PHASE_STRIP = NO;
				DEBUG_INFORMATION_FORMAT = "dwarf-with-dsym";
				ENABLE_NS_ASSERTIONS = NO;
				ENABLE_STRICT_OBJC_MSGSEND = YES;
				GCC_C_LANGUAGE_STANDARD = gnu11;
				GCC_NO_COMMON_BLOCKS = YES;
				GCC_WARN_64_TO_32_BIT_CONVERSION = YES;
				GCC_WARN_ABOUT_RETURN_TYPE = YES_ERROR;
				GCC_WARN_UNDECLARED_SELECTOR = YES;
				GCC_WARN_UNINITIALIZED_AUTOS = YES_AGGRESSIVE;
				GCC_WARN_UNUSED_FUNCTION = YES;
				GCC_WARN_UNUSED_VARIABLE = YES;
				IPHONEOS_DEPLOYMENT_TARGET = 12.1;
				MTL_ENABLE_DEBUG_INFO = NO;
				MTL_FAST_MATH = YES;
				SDKROOT = iphoneos;
				SWIFT_COMPILATION_MODE = wholemodule;
				SWIFT_OPTIMIZATION_LEVEL = "-O";
				VALIDATE_PRODUCT = YES;
			};
			name = Release;
		};
		7B6BE7E021E5733E0099E42C /* Debug */ = {
			isa = XCBuildConfiguration;
			baseConfigurationReference = DE4B1FF0DF331C25C53901F0 /* Pods-TeamHome.debug.xcconfig */;
			buildSettings = {
				ASSETCATALOG_COMPILER_APPICON_NAME = AppIcon;
				CODE_SIGN_STYLE = Automatic;
				DEVELOPMENT_TEAM = 8J9VUCBX92;
				INFOPLIST_FILE = "$(SRCROOT)/TeamHome/Resources/Info.plist";
				LD_RUNPATH_SEARCH_PATHS = (
					"$(inherited)",
					"@executable_path/Frameworks",
				);
				PRODUCT_BUNDLE_IDENTIFIER = com.DanielaParra.TeamHome;
				PRODUCT_NAME = "$(TARGET_NAME)";
				SWIFT_VERSION = 4.2;
				TARGETED_DEVICE_FAMILY = "1,2";
			};
			name = Debug;
		};
		7B6BE7E121E5733E0099E42C /* Release */ = {
			isa = XCBuildConfiguration;
			baseConfigurationReference = 465546B36BE62E5867C66338 /* Pods-TeamHome.release.xcconfig */;
			buildSettings = {
				ASSETCATALOG_COMPILER_APPICON_NAME = AppIcon;
				CODE_SIGN_STYLE = Automatic;
				DEVELOPMENT_TEAM = 8J9VUCBX92;
				INFOPLIST_FILE = "$(SRCROOT)/TeamHome/Resources/Info.plist";
				LD_RUNPATH_SEARCH_PATHS = (
					"$(inherited)",
					"@executable_path/Frameworks",
				);
				PRODUCT_BUNDLE_IDENTIFIER = com.DanielaParra.TeamHome;
				PRODUCT_NAME = "$(TARGET_NAME)";
				SWIFT_VERSION = 4.2;
				TARGETED_DEVICE_FAMILY = "1,2";
			};
			name = Release;
		};
/* End XCBuildConfiguration section */

/* Begin XCConfigurationList section */
		7B6BE7C821E5733D0099E42C /* Build configuration list for PBXProject "TeamHome" */ = {
			isa = XCConfigurationList;
			buildConfigurations = (
				7B6BE7DD21E5733E0099E42C /* Debug */,
				7B6BE7DE21E5733E0099E42C /* Release */,
			);
			defaultConfigurationIsVisible = 0;
			defaultConfigurationName = Release;
		};
		7B6BE7DF21E5733E0099E42C /* Build configuration list for PBXNativeTarget "TeamHome" */ = {
			isa = XCConfigurationList;
			buildConfigurations = (
				7B6BE7E021E5733E0099E42C /* Debug */,
				7B6BE7E121E5733E0099E42C /* Release */,
			);
			defaultConfigurationIsVisible = 0;
			defaultConfigurationName = Release;
		};
/* End XCConfigurationList section */
	};
	rootObject = 7B6BE7C521E5733D0099E42C /* Project object */;
}
