PODS:
  - Alamofire (4.7.3)
  - Apollo (0.9.4):
    - Apollo/Core (= 0.9.4)
  - Apollo/Core (0.9.4)
  - Auth0 (1.14.1):
    - SimpleKeychain
  - Cloudinary (2.5.0):
    - Alamofire (~> 4.7.3)
  - Lock (2.9.0):
    - Auth0 (~> 1.13)
    - Lock/Classic (= 2.9.0)
  - Lock/Classic (2.9.0):
    - Auth0 (~> 1.13)
  - SimpleKeychain (0.8.1)

DEPENDENCIES:
  - Apollo
  - Auth0 (~> 1.0)
  - Cloudinary (~> 2.0)
  - Lock (~> 2.0)

SPEC REPOS:
  https://github.com/cocoapods/specs.git:
    - Alamofire
    - Apollo
    - Auth0
    - Cloudinary
    - Lock
    - SimpleKeychain

SPEC CHECKSUMS:
  Alamofire: c7287b6e5d7da964a70935e5db17046b7fde6568
  Apollo: 450856adbdebcdf28c3c671f81732ac3f9944065
  Auth0: 064dc115cd99eec7334d1cab565f4d974eecac4d
  Cloudinary: 1ae089904a497f706212921809cda3817d7cae4a
  Lock: c78ebd9de5dc0c4270e224f30dac8a9b04d0afc5
  SimpleKeychain: e2485c28d82fcece35e9e41faeac42ebfe614815

PODFILE CHECKSUM: d2d3ea2333b5b4d6711d4fcb45284970234f04a0

COCOAPODS: 1.5.3
