PODS:
  - Alamofire (4.8.1)
  - Apollo (0.9.5):
    - Apollo/Core (= 0.9.5)
  - Apollo/Core (0.9.5)
  - Auth0 (1.14.1):
    - SimpleKeychain
  - Cloudinary (2.6.1):
    - Alamofire (~> 4.8.1)
  - CSStickyHeaderFlowLayout (0.2.11)
  - GrowingTextView (0.6.1)
  - Material (2.16.4):
    - Material/Core (= 2.16.4)
  - Material/Core (2.16.4):
    - Motion (~> 1.4.3)
  - MEVHorizontalContacts (1.4)
  - Motion (1.4.3):
    - Motion/Core (= 1.4.3)
  - Motion/Core (1.4.3)
  - SimpleKeychain (0.8.1)
  - TagListView (1.3.2)
  - Toucan (1.1.0)

DEPENDENCIES:
  - Apollo
  - Auth0 (~> 1.0)
  - Cloudinary (~> 2.0)
  - CSStickyHeaderFlowLayout
  - GrowingTextView (= 0.6.1)
  - Material (~> 2.16)
  - MEVHorizontalContacts
  - TagListView (~> 1.0)
  - Toucan (~> 1.1)

SPEC REPOS:
  https://github.com/cocoapods/specs.git:
    - Alamofire
    - Apollo
    - Auth0
    - Cloudinary
    - CSStickyHeaderFlowLayout
    - GrowingTextView
    - Material
    - MEVHorizontalContacts
    - Motion
    - SimpleKeychain
    - TagListView
    - Toucan

SPEC CHECKSUMS:
  Alamofire: 16ce2c353fb72865124ddae8a57c5942388f4f11
  Apollo: 19caf3246d292bbb69ecad1bd098661f78222aba
  Auth0: 064dc115cd99eec7334d1cab565f4d974eecac4d
  Cloudinary: a13a1b1137dc1ab625aa9d2d0c4b56171bb971a9
  CSStickyHeaderFlowLayout: e9bcb1762413f49d7d09e5bd0ae5efd1100116b7
  GrowingTextView: 335aefa45df7df06b01edede1363414d6ee5d6bc
  Material: 4ed78690b09ffd148b5ffab6b4367fb1d8da1cd3
  MEVHorizontalContacts: e92c4e06c08c38f557f4dc805af2b78b0198248e
  Motion: 153ba49692997888556c7a95207278a8b1f8be95
  SimpleKeychain: e2485c28d82fcece35e9e41faeac42ebfe614815
  TagListView: 0c7e9c26b9aff858224ee6b155f5fcacd9e27c83
  Toucan: 8f228fabb21521b9658692df9325fe76e71d74b2

PODFILE CHECKSUM: a46d475bb29a64264c0beb930beb36f86eeb9a00

COCOAPODS: 1.6.0
