PODS:
  - Alamofire (4.8.1)
  - Apollo (0.9.5):
    - Apollo/Core (= 0.9.5)
  - Apollo/Core (0.9.5)
  - Auth0 (1.14.1):
    - SimpleKeychain
  - Cloudinary (2.6.1):
    - Alamofire (~> 4.8.1)
  - JWTDecode (2.2.0)
  - Lock (2.9.0):
    - Auth0 (~> 1.13)
    - Lock/Classic (= 2.9.0)
  - Lock/Classic (2.9.0):
    - Auth0 (~> 1.13)
  - Material (2.16.4):
    - Material/Core (= 2.16.4)
  - Material/Core (2.16.4):
    - Motion (~> 1.4.3)
  - Motion (1.4.3):
    - Motion/Core (= 1.4.3)
  - Motion/Core (1.4.3)
  - SimpleKeychain (0.8.1)

DEPENDENCIES:
  - Apollo
  - Auth0 (~> 1.0)
  - Cloudinary (~> 2.0)
  - JWTDecode (~> 2.2)
  - Lock (~> 2.0)
  - Material (~> 2.16)

SPEC REPOS:
  https://github.com/cocoapods/specs.git:
    - Alamofire
    - Apollo
    - Auth0
    - Cloudinary
    - JWTDecode
    - Lock
    - Material
    - Motion
    - SimpleKeychain

SPEC CHECKSUMS:
  Alamofire: 16ce2c353fb72865124ddae8a57c5942388f4f11
  Apollo: 19caf3246d292bbb69ecad1bd098661f78222aba
  Auth0: 064dc115cd99eec7334d1cab565f4d974eecac4d
  Cloudinary: a13a1b1137dc1ab625aa9d2d0c4b56171bb971a9
  JWTDecode: 85a405ab16d5473e99bd89ded1d535090ebd6a0e
  Lock: c78ebd9de5dc0c4270e224f30dac8a9b04d0afc5
  Material: 4ed78690b09ffd148b5ffab6b4367fb1d8da1cd3
  Motion: 153ba49692997888556c7a95207278a8b1f8be95
  SimpleKeychain: e2485c28d82fcece35e9e41faeac42ebfe614815

PODFILE CHECKSUM: 46e02449b40c99dd6678756c636a340b54e95ff6

COCOAPODS: 1.5.3
